// !$*UTF8*$!
{
	archiveVersion = 1;
	classes = {
	};
	objectVersion = 46;
	objects = {

/* Begin PBXBuildFile section */
		840AF37B1C5F67350054D8E3 /* SpeakersViewController.swift in Sources */ = {isa = PBXBuildFile; fileRef = 840AF37A1C5F67350054D8E3 /* SpeakersViewController.swift */; };
		84C690311C5F311900A2A7E5 /* AppDelegate.swift in Sources */ = {isa = PBXBuildFile; fileRef = 84C690301C5F311900A2A7E5 /* AppDelegate.swift */; };
		84C690381C5F311900A2A7E5 /* Main.storyboard in Resources */ = {isa = PBXBuildFile; fileRef = 84C690361C5F311900A2A7E5 /* Main.storyboard */; };
		84C6903A1C5F311900A2A7E5 /* Assets.xcassets in Resources */ = {isa = PBXBuildFile; fileRef = 84C690391C5F311900A2A7E5 /* Assets.xcassets */; };
		84C6903D1C5F311900A2A7E5 /* LaunchScreen.storyboard in Resources */ = {isa = PBXBuildFile; fileRef = 84C6903B1C5F311900A2A7E5 /* LaunchScreen.storyboard */; };
		84C690481C5F311900A2A7E5 /* tryswiftconfTests.swift in Sources */ = {isa = PBXBuildFile; fileRef = 84C690471C5F311900A2A7E5 /* tryswiftconfTests.swift */; };
		84C690531C5F341200A2A7E5 /* ScheduleViewController.swift in Sources */ = {isa = PBXBuildFile; fileRef = 84C690521C5F341200A2A7E5 /* ScheduleViewController.swift */; };
		84C690551C5F352E00A2A7E5 /* data.json in Resources */ = {isa = PBXBuildFile; fileRef = 84C690541C5F352E00A2A7E5 /* data.json */; };
		84C6905A1C5F401800A2A7E5 /* SwiftyJSON.framework in Frameworks */ = {isa = PBXBuildFile; fileRef = 84C690591C5F401800A2A7E5 /* SwiftyJSON.framework */; };
		84C6905D1C5F41D900A2A7E5 /* AppData.swift in Sources */ = {isa = PBXBuildFile; fileRef = 84C6905C1C5F41D900A2A7E5 /* AppData.swift */; };
		84C6905F1C5F43A700A2A7E5 /* ObjectMapper.framework in Frameworks */ = {isa = PBXBuildFile; fileRef = 84C6905E1C5F43A700A2A7E5 /* ObjectMapper.framework */; };
/* End PBXBuildFile section */

/* Begin PBXContainerItemProxy section */
		84C690441C5F311900A2A7E5 /* PBXContainerItemProxy */ = {
			isa = PBXContainerItemProxy;
			containerPortal = 84C690251C5F311900A2A7E5 /* Project object */;
			proxyType = 1;
			remoteGlobalIDString = 84C6902C1C5F311900A2A7E5;
			remoteInfo = tryswiftconf;
		};
/* End PBXContainerItemProxy section */

/* Begin PBXFileReference section */
		840AF37A1C5F67350054D8E3 /* SpeakersViewController.swift */ = {isa = PBXFileReference; fileEncoding = 4; lastKnownFileType = sourcecode.swift; path = SpeakersViewController.swift; sourceTree = "<group>"; };
		84C6902D1C5F311900A2A7E5 /* tryswiftconf.app */ = {isa = PBXFileReference; explicitFileType = wrapper.application; includeInIndex = 0; path = tryswiftconf.app; sourceTree = BUILT_PRODUCTS_DIR; };
		84C690301C5F311900A2A7E5 /* AppDelegate.swift */ = {isa = PBXFileReference; lastKnownFileType = sourcecode.swift; path = AppDelegate.swift; sourceTree = "<group>"; };
		84C690371C5F311900A2A7E5 /* Base */ = {isa = PBXFileReference; lastKnownFileType = file.storyboard; name = Base; path = Base.lproj/Main.storyboard; sourceTree = "<group>"; };
		84C690391C5F311900A2A7E5 /* Assets.xcassets */ = {isa = PBXFileReference; lastKnownFileType = folder.assetcatalog; path = Assets.xcassets; sourceTree = "<group>"; };
		84C6903C1C5F311900A2A7E5 /* Base */ = {isa = PBXFileReference; lastKnownFileType = file.storyboard; name = Base; path = Base.lproj/LaunchScreen.storyboard; sourceTree = "<group>"; };
		84C6903E1C5F311900A2A7E5 /* Info.plist */ = {isa = PBXFileReference; lastKnownFileType = text.plist.xml; path = Info.plist; sourceTree = "<group>"; };
		84C690431C5F311900A2A7E5 /* tryswiftconfTests.xctest */ = {isa = PBXFileReference; explicitFileType = wrapper.cfbundle; includeInIndex = 0; path = tryswiftconfTests.xctest; sourceTree = BUILT_PRODUCTS_DIR; };
		84C690471C5F311900A2A7E5 /* tryswiftconfTests.swift */ = {isa = PBXFileReference; lastKnownFileType = sourcecode.swift; path = tryswiftconfTests.swift; sourceTree = "<group>"; };
		84C690491C5F311900A2A7E5 /* Info.plist */ = {isa = PBXFileReference; lastKnownFileType = text.plist.xml; path = Info.plist; sourceTree = "<group>"; };
		84C690521C5F341200A2A7E5 /* ScheduleViewController.swift */ = {isa = PBXFileReference; fileEncoding = 4; lastKnownFileType = sourcecode.swift; path = ScheduleViewController.swift; sourceTree = "<group>"; };
		84C690541C5F352E00A2A7E5 /* data.json */ = {isa = PBXFileReference; fileEncoding = 4; lastKnownFileType = text.json; path = data.json; sourceTree = "<group>"; };
		84C690591C5F401800A2A7E5 /* SwiftyJSON.framework */ = {isa = PBXFileReference; lastKnownFileType = wrapper.framework; name = SwiftyJSON.framework; path = Carthage/Build/iOS/SwiftyJSON.framework; sourceTree = "<group>"; };
		84C6905C1C5F41D900A2A7E5 /* AppData.swift */ = {isa = PBXFileReference; fileEncoding = 4; lastKnownFileType = sourcecode.swift; path = AppData.swift; sourceTree = "<group>"; };
		84C6905E1C5F43A700A2A7E5 /* ObjectMapper.framework */ = {isa = PBXFileReference; lastKnownFileType = wrapper.framework; name = ObjectMapper.framework; path = Carthage/Build/iOS/ObjectMapper.framework; sourceTree = "<group>"; };
/* End PBXFileReference section */

/* Begin PBXFrameworksBuildPhase section */
		84C6902A1C5F311900A2A7E5 /* Frameworks */ = {
			isa = PBXFrameworksBuildPhase;
			buildActionMask = 2147483647;
			files = (
				84C6905F1C5F43A700A2A7E5 /* ObjectMapper.framework in Frameworks */,
				84C6905A1C5F401800A2A7E5 /* SwiftyJSON.framework in Frameworks */,
			);
			runOnlyForDeploymentPostprocessing = 0;
		};
		84C690401C5F311900A2A7E5 /* Frameworks */ = {
			isa = PBXFrameworksBuildPhase;
			buildActionMask = 2147483647;
			files = (
			);
			runOnlyForDeploymentPostprocessing = 0;
		};
/* End PBXFrameworksBuildPhase section */

/* Begin PBXGroup section */
		84C690241C5F311900A2A7E5 = {
			isa = PBXGroup;
			children = (
				84C6902F1C5F311900A2A7E5 /* tryswiftconf */,
				84C690461C5F311900A2A7E5 /* tryswiftconfTests */,
				84C6905B1C5F402200A2A7E5 /* Frameworks */,
				84C6902E1C5F311900A2A7E5 /* Products */,
			);
			sourceTree = "<group>";
		};
		84C6902E1C5F311900A2A7E5 /* Products */ = {
			isa = PBXGroup;
			children = (
				84C6902D1C5F311900A2A7E5 /* tryswiftconf.app */,
				84C690431C5F311900A2A7E5 /* tryswiftconfTests.xctest */,
			);
			name = Products;
			sourceTree = "<group>";
		};
		84C6902F1C5F311900A2A7E5 /* tryswiftconf */ = {
			isa = PBXGroup;
			children = (
				84C690301C5F311900A2A7E5 /* AppDelegate.swift */,
				84C6905C1C5F41D900A2A7E5 /* AppData.swift */,
				84C690521C5F341200A2A7E5 /* ScheduleViewController.swift */,
				840AF37A1C5F67350054D8E3 /* SpeakersViewController.swift */,
				84C690361C5F311900A2A7E5 /* Main.storyboard */,
				84C690391C5F311900A2A7E5 /* Assets.xcassets */,
				84C6903B1C5F311900A2A7E5 /* LaunchScreen.storyboard */,
				84C690541C5F352E00A2A7E5 /* data.json */,
				84C6903E1C5F311900A2A7E5 /* Info.plist */,
			);
			path = tryswiftconf;
			sourceTree = "<group>";
		};
		84C690461C5F311900A2A7E5 /* tryswiftconfTests */ = {
			isa = PBXGroup;
			children = (
				84C690471C5F311900A2A7E5 /* tryswiftconfTests.swift */,
				84C690491C5F311900A2A7E5 /* Info.plist */,
			);
			path = tryswiftconfTests;
			sourceTree = "<group>";
		};
		84C6905B1C5F402200A2A7E5 /* Frameworks */ = {
			isa = PBXGroup;
			children = (
				84C6905E1C5F43A700A2A7E5 /* ObjectMapper.framework */,
				84C690591C5F401800A2A7E5 /* SwiftyJSON.framework */,
			);
			name = Frameworks;
			sourceTree = "<group>";
		};
/* End PBXGroup section */

/* Begin PBXNativeTarget section */
		84C6902C1C5F311900A2A7E5 /* tryswiftconf */ = {
			isa = PBXNativeTarget;
			buildConfigurationList = 84C6904C1C5F311900A2A7E5 /* Build configuration list for PBXNativeTarget "tryswiftconf" */;
			buildPhases = (
				84C690291C5F311900A2A7E5 /* Sources */,
				84C6902A1C5F311900A2A7E5 /* Frameworks */,
				84C6902B1C5F311900A2A7E5 /* Resources */,
				84C690561C5F3F6200A2A7E5 /* Carthage */,
			);
			buildRules = (
			);
			dependencies = (
			);
			name = tryswiftconf;
			productName = tryswiftconf;
			productReference = 84C6902D1C5F311900A2A7E5 /* tryswiftconf.app */;
			productType = "com.apple.product-type.application";
		};
		84C690421C5F311900A2A7E5 /* tryswiftconfTests */ = {
			isa = PBXNativeTarget;
			buildConfigurationList = 84C6904F1C5F311900A2A7E5 /* Build configuration list for PBXNativeTarget "tryswiftconfTests" */;
			buildPhases = (
				84C6903F1C5F311900A2A7E5 /* Sources */,
				84C690401C5F311900A2A7E5 /* Frameworks */,
				84C690411C5F311900A2A7E5 /* Resources */,
			);
			buildRules = (
			);
			dependencies = (
				84C690451C5F311900A2A7E5 /* PBXTargetDependency */,
			);
			name = tryswiftconfTests;
			productName = tryswiftconfTests;
			productReference = 84C690431C5F311900A2A7E5 /* tryswiftconfTests.xctest */;
			productType = "com.apple.product-type.bundle.unit-test";
		};
/* End PBXNativeTarget section */

/* Begin PBXProject section */
		84C690251C5F311900A2A7E5 /* Project object */ = {
			isa = PBXProject;
			attributes = {
				LastSwiftUpdateCheck = 0720;
				LastUpgradeCheck = 0720;
				TargetAttributes = {
					84C6902C1C5F311900A2A7E5 = {
						CreatedOnToolsVersion = 7.2;
					};
					84C690421C5F311900A2A7E5 = {
						CreatedOnToolsVersion = 7.2;
						TestTargetID = 84C6902C1C5F311900A2A7E5;
					};
				};
			};
			buildConfigurationList = 84C690281C5F311900A2A7E5 /* Build configuration list for PBXProject "tryswiftconf" */;
			compatibilityVersion = "Xcode 3.2";
			developmentRegion = English;
			hasScannedForEncodings = 0;
			knownRegions = (
				en,
				Base,
			);
			mainGroup = 84C690241C5F311900A2A7E5;
			productRefGroup = 84C6902E1C5F311900A2A7E5 /* Products */;
			projectDirPath = "";
			projectRoot = "";
			targets = (
				84C6902C1C5F311900A2A7E5 /* tryswiftconf */,
				84C690421C5F311900A2A7E5 /* tryswiftconfTests */,
			);
		};
/* End PBXProject section */

/* Begin PBXResourcesBuildPhase section */
		84C6902B1C5F311900A2A7E5 /* Resources */ = {
			isa = PBXResourcesBuildPhase;
			buildActionMask = 2147483647;
			files = (
				84C6903D1C5F311900A2A7E5 /* LaunchScreen.storyboard in Resources */,
				84C6903A1C5F311900A2A7E5 /* Assets.xcassets in Resources */,
				84C690551C5F352E00A2A7E5 /* data.json in Resources */,
				84C690381C5F311900A2A7E5 /* Main.storyboard in Resources */,
			);
			runOnlyForDeploymentPostprocessing = 0;
		};
		84C690411C5F311900A2A7E5 /* Resources */ = {
			isa = PBXResourcesBuildPhase;
			buildActionMask = 2147483647;
			files = (
			);
			runOnlyForDeploymentPostprocessing = 0;
		};
/* End PBXResourcesBuildPhase section */

/* Begin PBXShellScriptBuildPhase section */
		84C690561C5F3F6200A2A7E5 /* Carthage */ = {
			isa = PBXShellScriptBuildPhase;
			buildActionMask = 2147483647;
			files = (
			);
			inputPaths = (
				"$(SRCROOT)/Carthage/Build/iOS/SwiftyJSON.framework",
				"$(SRCROOT)/Carthage/Build/iOS/ObjectMapper.framework",
			);
			name = Carthage;
			outputPaths = (
			);
			runOnlyForDeploymentPostprocessing = 0;
			shellPath = /bin/sh;
			shellScript = "/usr/local/bin/carthage copy-frameworks";
		};
/* End PBXShellScriptBuildPhase section */

/* Begin PBXSourcesBuildPhase section */
		84C690291C5F311900A2A7E5 /* Sources */ = {
			isa = PBXSourcesBuildPhase;
			buildActionMask = 2147483647;
			files = (
				840AF37B1C5F67350054D8E3 /* SpeakersViewController.swift in Sources */,
				84C690311C5F311900A2A7E5 /* AppDelegate.swift in Sources */,
				84C6905D1C5F41D900A2A7E5 /* AppData.swift in Sources */,
				84C690531C5F341200A2A7E5 /* ScheduleViewController.swift in Sources */,
			);
			runOnlyForDeploymentPostprocessing = 0;
		};
		84C6903F1C5F311900A2A7E5 /* Sources */ = {
			isa = PBXSourcesBuildPhase;
			buildActionMask = 2147483647;
			files = (
				84C690481C5F311900A2A7E5 /* tryswiftconfTests.swift in Sources */,
			);
			runOnlyForDeploymentPostprocessing = 0;
		};
/* End PBXSourcesBuildPhase section */

/* Begin PBXTargetDependency section */
		84C690451C5F311900A2A7E5 /* PBXTargetDependency */ = {
			isa = PBXTargetDependency;
			target = 84C6902C1C5F311900A2A7E5 /* tryswiftconf */;
			targetProxy = 84C690441C5F311900A2A7E5 /* PBXContainerItemProxy */;
		};
/* End PBXTargetDependency section */

/* Begin PBXVariantGroup section */
		84C690361C5F311900A2A7E5 /* Main.storyboard */ = {
			isa = PBXVariantGroup;
			children = (
				84C690371C5F311900A2A7E5 /* Base */,
			);
			name = Main.storyboard;
			sourceTree = "<group>";
		};
		84C6903B1C5F311900A2A7E5 /* LaunchScreen.storyboard */ = {
			isa = PBXVariantGroup;
			children = (
				84C6903C1C5F311900A2A7E5 /* Base */,
			);
			name = LaunchScreen.storyboard;
			sourceTree = "<group>";
		};
/* End PBXVariantGroup section */

/* Begin XCBuildConfiguration section */
		84C6904A1C5F311900A2A7E5 /* Debug */ = {
			isa = XCBuildConfiguration;
			buildSettings = {
				ALWAYS_SEARCH_USER_PATHS = NO;
				CLANG_CXX_LANGUAGE_STANDARD = "gnu++0x";
				CLANG_CXX_LIBRARY = "libc++";
				CLANG_ENABLE_MODULES = YES;
				CLANG_ENABLE_OBJC_ARC = YES;
				CLANG_WARN_BOOL_CONVERSION = YES;
				CLANG_WARN_CONSTANT_CONVERSION = YES;
				CLANG_WARN_DIRECT_OBJC_ISA_USAGE = YES_ERROR;
				CLANG_WARN_EMPTY_BODY = YES;
				CLANG_WARN_ENUM_CONVERSION = YES;
				CLANG_WARN_INT_CONVERSION = YES;
				CLANG_WARN_OBJC_ROOT_CLASS = YES_ERROR;
				CLANG_WARN_UNREACHABLE_CODE = YES;
				CLANG_WARN__DUPLICATE_METHOD_MATCH = YES;
				"CODE_SIGN_IDENTITY[sdk=iphoneos*]" = "iPhone Developer";
				COPY_PHASE_STRIP = NO;
				DEBUG_INFORMATION_FORMAT = dwarf;
				ENABLE_STRICT_OBJC_MSGSEND = YES;
				ENABLE_TESTABILITY = YES;
				GCC_C_LANGUAGE_STANDARD = gnu99;
				GCC_DYNAMIC_NO_PIC = NO;
				GCC_NO_COMMON_BLOCKS = YES;
				GCC_OPTIMIZATION_LEVEL = 0;
				GCC_PREPROCESSOR_DEFINITIONS = (
					"DEBUG=1",
					"$(inherited)",
				);
				GCC_WARN_64_TO_32_BIT_CONVERSION = YES;
				GCC_WARN_ABOUT_RETURN_TYPE = YES_ERROR;
				GCC_WARN_UNDECLARED_SELECTOR = YES;
				GCC_WARN_UNINITIALIZED_AUTOS = YES_AGGRESSIVE;
				GCC_WARN_UNUSED_FUNCTION = YES;
				GCC_WARN_UNUSED_VARIABLE = YES;
				IPHONEOS_DEPLOYMENT_TARGET = 9.2;
				MTL_ENABLE_DEBUG_INFO = YES;
				ONLY_ACTIVE_ARCH = YES;
				SDKROOT = iphoneos;
				SWIFT_OPTIMIZATION_LEVEL = "-Onone";
			};
			name = Debug;
		};
		84C6904B1C5F311900A2A7E5 /* Release */ = {
			isa = XCBuildConfiguration;
			buildSettings = {
				ALWAYS_SEARCH_USER_PATHS = NO;
				CLANG_CXX_LANGUAGE_STANDARD = "gnu++0x";
				CLANG_CXX_LIBRARY = "libc++";
				CLANG_ENABLE_MODULES = YES;
				CLANG_ENABLE_OBJC_ARC = YES;
				CLANG_WARN_BOOL_CONVERSION = YES;
				CLANG_WARN_CONSTANT_CONVERSION = YES;
				CLANG_WARN_DIRECT_OBJC_ISA_USAGE = YES_ERROR;
				CLANG_WARN_EMPTY_BODY = YES;
				CLANG_WARN_ENUM_CONVERSION = YES;
				CLANG_WARN_INT_CONVERSION = YES;
				CLANG_WARN_OBJC_ROOT_CLASS = YES_ERROR;
				CLANG_WARN_UNREACHABLE_CODE = YES;
				CLANG_WARN__DUPLICATE_METHOD_MATCH = YES;
				"CODE_SIGN_IDENTITY[sdk=iphoneos*]" = "iPhone Developer";
				COPY_PHASE_STRIP = NO;
				DEBUG_INFORMATION_FORMAT = "dwarf-with-dsym";
				ENABLE_NS_ASSERTIONS = NO;
				ENABLE_STRICT_OBJC_MSGSEND = YES;
				GCC_C_LANGUAGE_STANDARD = gnu99;
				GCC_NO_COMMON_BLOCKS = YES;
				GCC_WARN_64_TO_32_BIT_CONVERSION = YES;
				GCC_WARN_ABOUT_RETURN_TYPE = YES_ERROR;
				GCC_WARN_UNDECLARED_SELECTOR = YES;
				GCC_WARN_UNINITIALIZED_AUTOS = YES_AGGRESSIVE;
				GCC_WARN_UNUSED_FUNCTION = YES;
				GCC_WARN_UNUSED_VARIABLE = YES;
				IPHONEOS_DEPLOYMENT_TARGET = 9.2;
				MTL_ENABLE_DEBUG_INFO = NO;
				SDKROOT = iphoneos;
				VALIDATE_PRODUCT = YES;
			};
			name = Release;
		};
		84C6904D1C5F311900A2A7E5 /* Debug */ = {
			isa = XCBuildConfiguration;
			buildSettings = {
				ASSETCATALOG_COMPILER_APPICON_NAME = AppIcon;
				FRAMEWORK_SEARCH_PATHS = (
					"$(inherited)",
					"$(PROJECT_DIR)/Carthage/Build/iOS",
				);
				INFOPLIST_FILE = tryswiftconf/Info.plist;
				LD_RUNPATH_SEARCH_PATHS = "$(inherited) @executable_path/Frameworks";
				PRODUCT_BUNDLE_IDENTIFIER = im.thi.tryswiftconf;
				PRODUCT_NAME = "$(TARGET_NAME)";
			};
			name = Debug;
		};
		84C6904E1C5F311900A2A7E5 /* Release */ = {
			isa = XCBuildConfiguration;
			buildSettings = {
				ASSETCATALOG_COMPILER_APPICON_NAME = AppIcon;
				FRAMEWORK_SEARCH_PATHS = (
					"$(inherited)",
					"$(PROJECT_DIR)/Carthage/Build/iOS",
				);
				INFOPLIST_FILE = tryswiftconf/Info.plist;
				LD_RUNPATH_SEARCH_PATHS = "$(inherited) @executable_path/Frameworks";
				PRODUCT_BUNDLE_IDENTIFIER = im.thi.tryswiftconf;
				PRODUCT_NAME = "$(TARGET_NAME)";
			};
			name = Release;
		};
		84C690501C5F311900A2A7E5 /* Debug */ = {
			isa = XCBuildConfiguration;
			buildSettings = {
				BUNDLE_LOADER = "$(TEST_HOST)";
				INFOPLIST_FILE = tryswiftconfTests/Info.plist;
				LD_RUNPATH_SEARCH_PATHS = "$(inherited) @executable_path/Frameworks @loader_path/Frameworks";
				PRODUCT_BUNDLE_IDENTIFIER = im.thi.tryswiftconfTests;
				PRODUCT_NAME = "$(TARGET_NAME)";
				TEST_HOST = "$(BUILT_PRODUCTS_DIR)/tryswiftconf.app/tryswiftconf";
			};
			name = Debug;
		};
		84C690511C5F311900A2A7E5 /* Release */ = {
			isa = XCBuildConfiguration;
			buildSettings = {
				BUNDLE_LOADER = "$(TEST_HOST)";
				INFOPLIST_FILE = tryswiftconfTests/Info.plist;
				LD_RUNPATH_SEARCH_PATHS = "$(inherited) @executable_path/Frameworks @loader_path/Frameworks";
				PRODUCT_BUNDLE_IDENTIFIER = im.thi.tryswiftconfTests;
				PRODUCT_NAME = "$(TARGET_NAME)";
				TEST_HOST = "$(BUILT_PRODUCTS_DIR)/tryswiftconf.app/tryswiftconf";
			};
			name = Release;
		};
/* End XCBuildConfiguration section */

/* Begin XCConfigurationList section */
		84C690281C5F311900A2A7E5 /* Build configuration list for PBXProject "tryswiftconf" */ = {
			isa = XCConfigurationList;
			buildConfigurations = (
				84C6904A1C5F311900A2A7E5 /* Debug */,
				84C6904B1C5F311900A2A7E5 /* Release */,
			);
			defaultConfigurationIsVisible = 0;
			defaultConfigurationName = Release;
		};
		84C6904C1C5F311900A2A7E5 /* Build configuration list for PBXNativeTarget "tryswiftconf" */ = {
			isa = XCConfigurationList;
			buildConfigurations = (
				84C6904D1C5F311900A2A7E5 /* Debug */,
				84C6904E1C5F311900A2A7E5 /* Release */,
			);
			defaultConfigurationIsVisible = 0;
			defaultConfigurationName = Release;
		};
		84C6904F1C5F311900A2A7E5 /* Build configuration list for PBXNativeTarget "tryswiftconfTests" */ = {
			isa = XCConfigurationList;
			buildConfigurations = (
				84C690501C5F311900A2A7E5 /* Debug */,
				84C690511C5F311900A2A7E5 /* Release */,
			);
			defaultConfigurationIsVisible = 0;
			defaultConfigurationName = Release;
		};
/* End XCConfigurationList section */
	};
	rootObject = 84C690251C5F311900A2A7E5 /* Project object */;
}
